Microsoft Visual Studio Solution File, Format Version 12.00
# Visual Studio Version 17
VisualStudioVersion = 17.5.2.0
MinimumVisualStudioVersion = 10.0.40219.1
Project("{FAE04EC0-301F-11D3-BF4B-00C04F79EFBC}") = "FlightApi", "FlightApi\FlightApi.csproj", "{9F392BB3-2543-7C15-19F5-87A691F6CEE1}"
EndProject
Global
	GlobalSection(SolutionConfigurationPlatforms) = preSolution
		Debug|Any CPU = Debug|Any CPU
		Release|Any CPU = Release|Any CPU
	EndGlobalSection
	GlobalSection(ProjectConfigurationPlatforms) = postSolution
		{9F392BB3-2543-7C15-19F5-87A691F6CEE1}.Debug|Any CPU.ActiveCfg = Debug|Any CPU
		{9F392BB3-2543-7C15-19F5-87A691F6CEE1}.Debug|Any CPU.Build.0 = Debug|Any CPU
		{9F392BB3-2543-7C15-19F5-87A691F6CEE1}.Release|Any CPU.ActiveCfg = Release|Any CPU
		{9F392BB3-2543-7C15-19F5-87A691F6CEE1}.Release|Any CPU.Build.0 = Release|Any CPU
	EndGlobalSection
	GlobalSection(SolutionProperties) = preSolution
		HideSolutionNode = FALSE
	EndGlobalSection
	GlobalSection(ExtensibilityGlobals) = postSolution
		SolutionGuid = {FEE3B3D0-8BA9-49CE-9450-87D4ABE179FF}
	EndGlobalSection
EndGlobal
